PODS:
  - Appboy-iOS-SDK (4.4.3):
    - Appboy-iOS-SDK/UI (= 4.4.3)
  - Appboy-iOS-SDK/ContentCards (4.4.3):
    - Appboy-iOS-SDK/Core
    - SDWebImage (< 6, >= 5.8.2)
  - Appboy-iOS-SDK/Core (4.4.3)
  - Appboy-iOS-SDK/InAppMessage (4.4.3):
    - Appboy-iOS-SDK/Core
    - SDWebImage (< 6, >= 5.8.2)
  - Appboy-iOS-SDK/NewsFeed (4.4.3):
    - Appboy-iOS-SDK/Core
    - SDWebImage (< 6, >= 5.8.2)
  - Appboy-iOS-SDK/UI (4.4.3):
    - Appboy-iOS-SDK/ContentCards
    - Appboy-iOS-SDK/Core
    - Appboy-iOS-SDK/InAppMessage
    - Appboy-iOS-SDK/NewsFeed
  - Rudder (2.0.0)
  - RudderBraze (1.0.0):
    - Appboy-iOS-SDK (~> 4.4.2)
    - Rudder (~> 2.0.0)
  - SDWebImage (5.12.5):
    - SDWebImage/Core (= 5.12.5)
  - SDWebImage/Core (5.12.5)

DEPENDENCIES:
  - Appboy-iOS-SDK (~> 4.4.2)
  - Rudder
  - RudderBraze (from `.`)

SPEC REPOS:
  https://github.com/CocoaPods/Specs.git:
    - Appboy-iOS-SDK
    - Rudder
    - SDWebImage

EXTERNAL SOURCES:
  RudderBraze:
    :path: "."

SPEC CHECKSUMS:
  Appboy-iOS-SDK: a634f5160d4d8a1f08b8817165733af7336fa255
  Rudder: 3191eb7c0bd0158fc983e0b7e171223f701ebc7c
  RudderBraze: 5f7020bc2b9fce9561747a069774461c439e6480
  SDWebImage: 0905f1b7760fc8ac4198cae0036600d67478751e

PODFILE CHECKSUM: e02b1d2901f8bd87de9449847b6e243a9e8ddee8

COCOAPODS: 1.11.3
