PODS:
  - Appboy-iOS-SDK (4.4.2):
    - Appboy-iOS-SDK/UI (= 4.4.2)
  - Appboy-iOS-SDK/ContentCards (4.4.2):
    - Appboy-iOS-SDK/Core
    - SDWebImage (< 6, >= 5.8.2)
  - Appboy-iOS-SDK/Core (4.4.2)
  - Appboy-iOS-SDK/InAppMessage (4.4.2):
    - Appboy-iOS-SDK/Core
    - SDWebImage (< 6, >= 5.8.2)
  - Appboy-iOS-SDK/NewsFeed (4.4.2):
    - Appboy-iOS-SDK/Core
    - SDWebImage (< 6, >= 5.8.2)
  - Appboy-iOS-SDK/UI (4.4.2):
    - Appboy-iOS-SDK/ContentCards
    - Appboy-iOS-SDK/Core
    - Appboy-iOS-SDK/InAppMessage
    - Appboy-iOS-SDK/NewsFeed
  - Rudder (2.0.2)
  - RudderBraze (1.0.0):
    - Appboy-iOS-SDK (~> 4.4.2)
    - Rudder (~> 2.0.2)
  - SDWebImage (5.12.5):
    - SDWebImage/Core (= 5.12.5)
  - SDWebImage/Core (5.12.5)

DEPENDENCIES:
  - Appboy-iOS-SDK (~> 4.4.2)
  - Rudder
  - RudderBraze (from `.`)

SPEC REPOS:
  https://github.com/CocoaPods/Specs.git:
    - Appboy-iOS-SDK
    - Rudder
    - SDWebImage

EXTERNAL SOURCES:
  RudderBraze:
    :path: "."

SPEC CHECKSUMS:
  Appboy-iOS-SDK: 4a7dfe908639da81e5e85849355f6066b58b4cc6
  Rudder: 95d9dcb7662770319409875c325927fc97d050fb
  RudderBraze: e8b6ade073a400ee2865331e3431d75a43337803
  SDWebImage: 0905f1b7760fc8ac4198cae0036600d67478751e

PODFILE CHECKSUM: e02b1d2901f8bd87de9449847b6e243a9e8ddee8

COCOAPODS: 1.11.3
